
Microsoft Visual Studio Solution File, Format Version 12.00
# Visual Studio Version 16
VisualStudioVersion = 16.0.29709.97
MinimumVisualStudioVersion = 10.0.40219.1
Project("{9A19103F-16F7-4668-BE54-9A1E7A4F7556}") = "SampleApp", "SampleApp\SampleApp.csproj", "{32152744-A0BA-4F04-AE87-84A2695399D8}"
EndProject
Project("{9A19103F-16F7-4668-BE54-9A1E7A4F7556}") = "SampleApp.Logic", "SampleApp.Logic\SampleApp.Logic.csproj", "{F0FA338A-4403-40A0-9E6D-F7BD3E026D13}"
EndProject
Project("{9A19103F-16F7-4668-BE54-9A1E7A4F7556}") = "Collections", "Collections\Collections.csproj", "{F845DF6A-BAD3-4777-BE20-4D4951C011E6}"
EndProject
Project("{9A19103F-16F7-4668-BE54-9A1E7A4F7556}") = "FunctionReferences", "FunctionReferences\FunctionReferences.csproj", "{76C0D798-69A6-4FC2-9B4A-F79B8EBD3C9D}"
EndProject
Project("{9A19103F-16F7-4668-BE54-9A1E7A4F7556}") = "Exceptions", "Exceptions\Exceptions.csproj", "{6B2F1153-11C5-44E8-B474-559B3E8FAFE2}"
EndProject
Project("{FAE04EC0-301F-11D3-BF4B-00C04F79EFBC}") = "Serialization", "Serialization\Serialization.csproj", "{93025E3E-59CD-438C-B7E0-0A1B1AB078E2}"
EndProject
Global
	GlobalSection(SolutionConfigurationPlatforms) = preSolution
		Debug|Any CPU = Debug|Any CPU
		Release|Any CPU = Release|Any CPU
	EndGlobalSection
	GlobalSection(ProjectConfigurationPlatforms) = postSolution
		{32152744-A0BA-4F04-AE87-84A2695399D8}.Debug|Any CPU.ActiveCfg = Debug|Any CPU
		{32152744-A0BA-4F04-AE87-84A2695399D8}.Debug|Any CPU.Build.0 = Debug|Any CPU
		{32152744-A0BA-4F04-AE87-84A2695399D8}.Release|Any CPU.ActiveCfg = Release|Any CPU
		{32152744-A0BA-4F04-AE87-84A2695399D8}.Release|Any CPU.Build.0 = Release|Any CPU
		{F0FA338A-4403-40A0-9E6D-F7BD3E026D13}.Debug|Any CPU.ActiveCfg = Debug|Any CPU
		{F0FA338A-4403-40A0-9E6D-F7BD3E026D13}.Debug|Any CPU.Build.0 = Debug|Any CPU
		{F0FA338A-4403-40A0-9E6D-F7BD3E026D13}.Release|Any CPU.ActiveCfg = Release|Any CPU
		{F0FA338A-4403-40A0-9E6D-F7BD3E026D13}.Release|Any CPU.Build.0 = Release|Any CPU
		{F845DF6A-BAD3-4777-BE20-4D4951C011E6}.Debug|Any CPU.ActiveCfg = Debug|Any CPU
		{F845DF6A-BAD3-4777-BE20-4D4951C011E6}.Debug|Any CPU.Build.0 = Debug|Any CPU
		{F845DF6A-BAD3-4777-BE20-4D4951C011E6}.Release|Any CPU.ActiveCfg = Release|Any CPU
		{F845DF6A-BAD3-4777-BE20-4D4951C011E6}.Release|Any CPU.Build.0 = Release|Any CPU
		{76C0D798-69A6-4FC2-9B4A-F79B8EBD3C9D}.Debug|Any CPU.ActiveCfg = Debug|Any CPU
		{76C0D798-69A6-4FC2-9B4A-F79B8EBD3C9D}.Debug|Any CPU.Build.0 = Debug|Any CPU
		{76C0D798-69A6-4FC2-9B4A-F79B8EBD3C9D}.Release|Any CPU.ActiveCfg = Release|Any CPU
		{76C0D798-69A6-4FC2-9B4A-F79B8EBD3C9D}.Release|Any CPU.Build.0 = Release|Any CPU
		{6B2F1153-11C5-44E8-B474-559B3E8FAFE2}.Debug|Any CPU.ActiveCfg = Debug|Any CPU
		{6B2F1153-11C5-44E8-B474-559B3E8FAFE2}.Debug|Any CPU.Build.0 = Debug|Any CPU
		{6B2F1153-11C5-44E8-B474-559B3E8FAFE2}.Release|Any CPU.ActiveCfg = Release|Any CPU
		{6B2F1153-11C5-44E8-B474-559B3E8FAFE2}.Release|Any CPU.Build.0 = Release|Any CPU
		{93025E3E-59CD-438C-B7E0-0A1B1AB078E2}.Debug|Any CPU.ActiveCfg = Debug|Any CPU
		{93025E3E-59CD-438C-B7E0-0A1B1AB078E2}.Debug|Any CPU.Build.0 = Debug|Any CPU
		{93025E3E-59CD-438C-B7E0-0A1B1AB078E2}.Release|Any CPU.ActiveCfg = Release|Any CPU
		{93025E3E-59CD-438C-B7E0-0A1B1AB078E2}.Release|Any CPU.Build.0 = Release|Any CPU
	EndGlobalSection
	GlobalSection(SolutionProperties) = preSolution
		HideSolutionNode = FALSE
	EndGlobalSection
	GlobalSection(ExtensibilityGlobals) = postSolution
		SolutionGuid = {366F6785-1605-47EC-80C7-072BBBB277DD}
	EndGlobalSection
EndGlobal
