
Microsoft Visual Studio Solution File, Format Version 12.00
# Visual Studio Version 16
VisualStudioVersion = 16.0.29709.97
MinimumVisualStudioVersion = 10.0.40219.1
Project("{9A19103F-16F7-4668-BE54-9A1E7A4F7556}") = "SampleApp", "SampleApp\SampleApp.csproj", "{32152744-A0BA-4F04-AE87-84A2695399D8}"
EndProject
Project("{9A19103F-16F7-4668-BE54-9A1E7A4F7556}") = "SampleApp.Logic", "SampleApp.Logic\SampleApp.Logic.csproj", "{F0FA338A-4403-40A0-9E6D-F7BD3E026D13}"
EndProject
Project("{9A19103F-16F7-4668-BE54-9A1E7A4F7556}") = "Collections", "Collections\Collections.csproj", "{F845DF6A-BAD3-4777-BE20-4D4951C011E6}"
EndProject
Project("{9A19103F-16F7-4668-BE54-9A1E7A4F7556}") = "FunctionReferences", "FunctionReferences\FunctionReferences.csproj", "{76C0D798-69A6-4FC2-9B4A-F79B8EBD3C9D}"
EndProject
Project("{9A19103F-16F7-4668-BE54-9A1E7A4F7556}") = "Exceptions", "Exceptions\Exceptions.csproj", "{6B2F1153-11C5-44E8-B474-559B3E8FAFE2}"
EndProject
Project("{9A19103F-16F7-4668-BE54-9A1E7A4F7556}") = "Serialization", "Serialization\Serialization.csproj", "{93025E3E-59CD-438C-B7E0-0A1B1AB078E2}"
EndProject
Project("{9A19103F-16F7-4668-BE54-9A1E7A4F7556}") = "Streams", "Streams\Streams.csproj", "{E110E525-C7CE-4471-97FA-AF45CCE6A1DB}"
EndProject
Project("{9A19103F-16F7-4668-BE54-9A1E7A4F7556}") = "Threads", "Threads\Threads.csproj", "{98474632-7078-4BDC-B674-86A2BACC805E}"
EndProject
Project("{9A19103F-16F7-4668-BE54-9A1E7A4F7556}") = "Settings", "Settings\Settings.csproj", "{D695E260-8996-45FE-99BC-82A9A5F50B3E}"
EndProject
Project("{9A19103F-16F7-4668-BE54-9A1E7A4F7556}") = "OverflowExample", "OverflowExample\OverflowExample.csproj", "{7BC0A806-C64D-42A4-9EAB-BAC7350D0DE9}"
EndProject
Project("{9A19103F-16F7-4668-BE54-9A1E7A4F7556}") = "Logs", "Logs\Logs.csproj", "{66A68B45-6673-4214-B2A7-0D04F436F3C1}"
EndProject
Project("{2150E333-8FDC-42A3-9474-1A3956D46DE8}") = "tests", "tests", "{2A2F91B7-96C7-423E-9058-CB206380B8D4}"
EndProject
Project("{9A19103F-16F7-4668-BE54-9A1E7A4F7556}") = "Calc.Logic", "Calculator.Logic\Calc.Logic.csproj", "{71F77A8E-4FDF-43D2-A6C9-5B3B446DB7FD}"
EndProject
Project("{9A19103F-16F7-4668-BE54-9A1E7A4F7556}") = "Calc.Tests", "Calculator.Tests\Calc.Tests.csproj", "{358BD49A-3E6A-4D13-9DCA-5DA40E4E078A}"
EndProject
Project("{9A19103F-16F7-4668-BE54-9A1E7A4F7556}") = "Collections.Tests", "Collections.Tests\Collections.Tests.csproj", "{23B706D5-E14C-4742-9B55-F53ED203A471}"
EndProject
Project("{9A19103F-16F7-4668-BE54-9A1E7A4F7556}") = "Streams.Tests", "Streams.Tests\Streams.Tests.csproj", "{78FFFF3A-FDCA-4012-B502-8E79B510ECBE}"
EndProject
Project("{9A19103F-16F7-4668-BE54-9A1E7A4F7556}") = "Validation", "Validation\Validation.csproj", "{D2B50B57-28CF-49FD-B565-6CA9358E9989}"
EndProject
Project("{2150E333-8FDC-42A3-9474-1A3956D46DE8}") = "Base Course", "Base Course", "{1361609B-5187-4F15-AD1C-C5737CA09013}"
EndProject
Project("{9A19103F-16F7-4668-BE54-9A1E7A4F7556}") = "DataRequestSample", "DataRequestSample\DataRequestSample.csproj", "{A64249D8-702A-4ADE-A121-91CA3AC5AF5F}"
EndProject
Project("{2150E333-8FDC-42A3-9474-1A3956D46DE8}") = "ADO.NET", "ADO.NET", "{E2B1BD42-552E-47E6-83C7-ECFDC9BD5939}"
EndProject
Project("{9A19103F-16F7-4668-BE54-9A1E7A4F7556}") = "DapperClone.UI", "DapperClone.UI\DapperClone.UI.csproj", "{8003EB1D-CB7F-40DD-9321-556B1A25E0D2}"
EndProject
Project("{9A19103F-16F7-4668-BE54-9A1E7A4F7556}") = "DapperClone", "DapperClone\DapperClone.csproj", "{23E64F80-47EF-4FAB-AED9-1DE070D85621}"
EndProject
Project("{9A19103F-16F7-4668-BE54-9A1E7A4F7556}") = "Disconnected", "Disconnected\Disconnected.csproj", "{4A1962CC-38DE-42F7-815A-946646735206}"
EndProject
Project("{FAE04EC0-301F-11D3-BF4B-00C04F79EFBC}") = "DataRelations", "DataRelations\DataRelations.csproj", "{CD4D7A62-BD3D-4001-B0AA-AE0ED0FCE6F9}"
EndProject
Project("{2150E333-8FDC-42A3-9474-1A3956D46DE8}") = "EntityFramework", "EntityFramework", "{DE326FD4-42A4-4BA1-8BAF-ECB460F4FA31}"
EndProject
Project("{9A19103F-16F7-4668-BE54-9A1E7A4F7556}") = "Library.Data", "Library.Data\Library.Data.csproj", "{CA5BA644-8585-407A-966A-C8D7032B2F4E}"
EndProject
Project("{9A19103F-16F7-4668-BE54-9A1E7A4F7556}") = "Library.Presentation", "Library.Console\Library.Presentation.csproj", "{F7A9F10C-20A0-4C12-B1A1-A094814BC1E4}"
EndProject
Project("{2150E333-8FDC-42A3-9474-1A3956D46DE8}") = "Di", "Di", "{05AD559B-6C92-496E-A2B0-135652CB1CC3}"
EndProject
Project("{9A19103F-16F7-4668-BE54-9A1E7A4F7556}") = "Di.Container", "Di.Container\Di.Container.csproj", "{1F4E8C21-7DFC-4077-967B-60B4188A9523}"
EndProject
Project("{9A19103F-16F7-4668-BE54-9A1E7A4F7556}") = "Di.Tests", "Di.Tests\Di.Tests.csproj", "{DD440C13-A018-4212-A162-2601872F2293}"
EndProject
Project("{9A19103F-16F7-4668-BE54-9A1E7A4F7556}") = "Di.Forms", "Di.Forms\Di.Forms.csproj", "{45DD0E9B-150F-41B0-9534-1E7DEFE4DC02}"
EndProject
Project("{2150E333-8FDC-42A3-9474-1A3956D46DE8}") = "ASP.NET", "ASP.NET", "{51B58BBF-DDBC-4025-ACFA-FB4FC55C8A7A}"
EndProject
Project("{2150E333-8FDC-42A3-9474-1A3956D46DE8}") = "SampleAPI", "SampleAPI", "{B6AB1F21-C227-44A9-AECB-649EEF2DA4E1}"
EndProject
Project("{9A19103F-16F7-4668-BE54-9A1E7A4F7556}") = "SampleApi.Web", "SampleApi.Web\SampleApi.Web.csproj", "{6925BE61-D34E-4176-AD11-CC1FB7E2F9AB}"
EndProject
Project("{9A19103F-16F7-4668-BE54-9A1E7A4F7556}") = "SampleAPI.Data", "SampleAPI.Data\SampleAPI.Data.csproj", "{A26934C8-6B4C-4E15-8341-1B4F2B117B93}"
EndProject
Project("{9A19103F-16F7-4668-BE54-9A1E7A4F7556}") = "SampleApi.Logic", "SampleApi.Logic\SampleApi.Logic.csproj", "{6274B85F-DA25-4682-B5C6-EAF8AD2A7EF5}"
EndProject
Project("{9A19103F-16F7-4668-BE54-9A1E7A4F7556}") = "SampleApi.Client", "SampleApi.Clien\SampleApi.Client.csproj", "{4FE097A8-ACB0-4BD5-A9B1-59094D347813}"
EndProject
Project("{2150E333-8FDC-42A3-9474-1A3956D46DE8}") = "SampleMvc", "SampleMvc", "{A5E2DF1C-75F1-4B10-BC80-FB73051979DC}"
EndProject
Project("{9A19103F-16F7-4668-BE54-9A1E7A4F7556}") = "SampleMvc.Web", "SampleMvc.Web\SampleMvc.Web.csproj", "{18D76157-FC69-4DB0-BF04-70383F1E7FA4}"
EndProject
Project("{9A19103F-16F7-4668-BE54-9A1E7A4F7556}") = "SampleMvc.Data", "SampleMvc.Data\SampleMvc.Data.csproj", "{FB6AA37C-22E5-4DB7-8993-B641865DB710}"
EndProject
Project("{2150E333-8FDC-42A3-9474-1A3956D46DE8}") = "AuthSample", "AuthSample", "{975C1D76-B852-41DA-BFB6-85D7FA12007D}"
EndProject
Project("{9A19103F-16F7-4668-BE54-9A1E7A4F7556}") = "AuthSample.Auth", "AuthSample.Auth\AuthSample.Auth.csproj", "{B9F99D96-B073-4897-95F8-C22DC1AB3D34}"
EndProject
Project("{9A19103F-16F7-4668-BE54-9A1E7A4F7556}") = "AuthSample.Web", "AuthSample.Web\AuthSample.Web.csproj", "{B0E53712-FFA5-4BE7-8B3F-F32289035BF0}"
EndProject
Project("{9A19103F-16F7-4668-BE54-9A1E7A4F7556}") = "AuthSample.Core", "AuthSample.Core\AuthSample.Core.csproj", "{34CF4841-2411-4357-BA4E-8D669C8EC1ED}"
EndProject
Project("{9A19103F-16F7-4668-BE54-9A1E7A4F7556}") = "AuthSample.AuthDb", "AuthSample.AuthDb\AuthSample.AuthDb.csproj", "{04F9EC17-6140-47A9-A48A-C7D048E13BC5}"
EndProject
Project("{9A19103F-16F7-4668-BE54-9A1E7A4F7556}") = "AuthSample.Web.Tests", "AuthSample.Web.Tests\AuthSample.Web.Tests.csproj", "{3F34AA2B-DFF1-4810-B846-D5D8A566F9DC}"
EndProject
Project("{9A19103F-16F7-4668-BE54-9A1E7A4F7556}") = "AuthSample.WebDb", "AuthSample.WebDb\AuthSample.WebDb.csproj", "{485700D7-AF50-4E73-9D3A-ED8BCB2C4A66}"
EndProject
Project("{9A19103F-16F7-4668-BE54-9A1E7A4F7556}") = "AuthSample.Web.Logic", "AuthSample.Web.Logic\AuthSample.Web.Logic.csproj", "{1593A290-753D-471B-B9D9-160F680E8848}"
EndProject
Project("{2150E333-8FDC-42A3-9474-1A3956D46DE8}") = "EventStore", "EventStore", "{0F6136AC-5659-431D-94A4-56677CCC62F4}"
EndProject
Project("{9A19103F-16F7-4668-BE54-9A1E7A4F7556}") = "EsSample", "EsSample\EsSample.csproj", "{0CFAC796-94F6-4F53-845A-F21AD0F0C119}"
EndProject
Project("{9A19103F-16F7-4668-BE54-9A1E7A4F7556}") = "EsSample.Core", "EsSample.Core\EsSample.Core.csproj", "{08CB5186-D05F-473E-9724-39FE7D5F27DC}"
EndProject
Project("{9A19103F-16F7-4668-BE54-9A1E7A4F7556}") = "EsSample.CreateOrder", "EsSample.CreateOrder\EsSample.CreateOrder.csproj", "{118ABC7B-298C-44FD-9CB3-0671D403197F}"
EndProject
Project("{9A19103F-16F7-4668-BE54-9A1E7A4F7556}") = "EsSample.Payments", "EsSample.Payments\EsSample.Payments.csproj", "{A54911EB-CE69-493E-BF60-F13AFCF53DCA}"
EndProject
Project("{9A19103F-16F7-4668-BE54-9A1E7A4F7556}") = "EventStoreAccount", "EventStoreAccount\EventStoreAccount.csproj", "{6B76148D-8905-4CBA-BDF9-D4F21AB4C273}"
EndProject
Project("{FAE04EC0-301F-11D3-BF4B-00C04F79EFBC}") = "EsSample.Orders", "EsSample.Orders\EsSample.Orders.csproj", "{A8C55797-6D5A-41DD-A507-A607304D1517}"
EndProject
Global
	GlobalSection(SolutionConfigurationPlatforms) = preSolution
		Debug|Any CPU = Debug|Any CPU
		Release|Any CPU = Release|Any CPU
	EndGlobalSection
	GlobalSection(ProjectConfigurationPlatforms) = postSolution
		{32152744-A0BA-4F04-AE87-84A2695399D8}.Debug|Any CPU.ActiveCfg = Debug|Any CPU
		{32152744-A0BA-4F04-AE87-84A2695399D8}.Debug|Any CPU.Build.0 = Debug|Any CPU
		{32152744-A0BA-4F04-AE87-84A2695399D8}.Release|Any CPU.ActiveCfg = Release|Any CPU
		{32152744-A0BA-4F04-AE87-84A2695399D8}.Release|Any CPU.Build.0 = Release|Any CPU
		{F0FA338A-4403-40A0-9E6D-F7BD3E026D13}.Debug|Any CPU.ActiveCfg = Debug|Any CPU
		{F0FA338A-4403-40A0-9E6D-F7BD3E026D13}.Debug|Any CPU.Build.0 = Debug|Any CPU
		{F0FA338A-4403-40A0-9E6D-F7BD3E026D13}.Release|Any CPU.ActiveCfg = Release|Any CPU
		{F0FA338A-4403-40A0-9E6D-F7BD3E026D13}.Release|Any CPU.Build.0 = Release|Any CPU
		{F845DF6A-BAD3-4777-BE20-4D4951C011E6}.Debug|Any CPU.ActiveCfg = Debug|Any CPU
		{F845DF6A-BAD3-4777-BE20-4D4951C011E6}.Debug|Any CPU.Build.0 = Debug|Any CPU
		{F845DF6A-BAD3-4777-BE20-4D4951C011E6}.Release|Any CPU.ActiveCfg = Release|Any CPU
		{F845DF6A-BAD3-4777-BE20-4D4951C011E6}.Release|Any CPU.Build.0 = Release|Any CPU
		{76C0D798-69A6-4FC2-9B4A-F79B8EBD3C9D}.Debug|Any CPU.ActiveCfg = Debug|Any CPU
		{76C0D798-69A6-4FC2-9B4A-F79B8EBD3C9D}.Debug|Any CPU.Build.0 = Debug|Any CPU
		{76C0D798-69A6-4FC2-9B4A-F79B8EBD3C9D}.Release|Any CPU.ActiveCfg = Release|Any CPU
		{76C0D798-69A6-4FC2-9B4A-F79B8EBD3C9D}.Release|Any CPU.Build.0 = Release|Any CPU
		{6B2F1153-11C5-44E8-B474-559B3E8FAFE2}.Debug|Any CPU.ActiveCfg = Debug|Any CPU
		{6B2F1153-11C5-44E8-B474-559B3E8FAFE2}.Debug|Any CPU.Build.0 = Debug|Any CPU
		{6B2F1153-11C5-44E8-B474-559B3E8FAFE2}.Release|Any CPU.ActiveCfg = Release|Any CPU
		{6B2F1153-11C5-44E8-B474-559B3E8FAFE2}.Release|Any CPU.Build.0 = Release|Any CPU
		{93025E3E-59CD-438C-B7E0-0A1B1AB078E2}.Debug|Any CPU.ActiveCfg = Debug|Any CPU
		{93025E3E-59CD-438C-B7E0-0A1B1AB078E2}.Debug|Any CPU.Build.0 = Debug|Any CPU
		{93025E3E-59CD-438C-B7E0-0A1B1AB078E2}.Release|Any CPU.ActiveCfg = Release|Any CPU
		{93025E3E-59CD-438C-B7E0-0A1B1AB078E2}.Release|Any CPU.Build.0 = Release|Any CPU
		{E110E525-C7CE-4471-97FA-AF45CCE6A1DB}.Debug|Any CPU.ActiveCfg = Debug|Any CPU
		{E110E525-C7CE-4471-97FA-AF45CCE6A1DB}.Debug|Any CPU.Build.0 = Debug|Any CPU
		{E110E525-C7CE-4471-97FA-AF45CCE6A1DB}.Release|Any CPU.ActiveCfg = Release|Any CPU
		{E110E525-C7CE-4471-97FA-AF45CCE6A1DB}.Release|Any CPU.Build.0 = Release|Any CPU
		{98474632-7078-4BDC-B674-86A2BACC805E}.Debug|Any CPU.ActiveCfg = Debug|Any CPU
		{98474632-7078-4BDC-B674-86A2BACC805E}.Debug|Any CPU.Build.0 = Debug|Any CPU
		{98474632-7078-4BDC-B674-86A2BACC805E}.Release|Any CPU.ActiveCfg = Release|Any CPU
		{98474632-7078-4BDC-B674-86A2BACC805E}.Release|Any CPU.Build.0 = Release|Any CPU
		{D695E260-8996-45FE-99BC-82A9A5F50B3E}.Debug|Any CPU.ActiveCfg = Debug|Any CPU
		{D695E260-8996-45FE-99BC-82A9A5F50B3E}.Debug|Any CPU.Build.0 = Debug|Any CPU
		{D695E260-8996-45FE-99BC-82A9A5F50B3E}.Release|Any CPU.ActiveCfg = Release|Any CPU
		{D695E260-8996-45FE-99BC-82A9A5F50B3E}.Release|Any CPU.Build.0 = Release|Any CPU
		{7BC0A806-C64D-42A4-9EAB-BAC7350D0DE9}.Debug|Any CPU.ActiveCfg = Debug|Any CPU
		{7BC0A806-C64D-42A4-9EAB-BAC7350D0DE9}.Debug|Any CPU.Build.0 = Debug|Any CPU
		{7BC0A806-C64D-42A4-9EAB-BAC7350D0DE9}.Release|Any CPU.ActiveCfg = Release|Any CPU
		{7BC0A806-C64D-42A4-9EAB-BAC7350D0DE9}.Release|Any CPU.Build.0 = Release|Any CPU
		{66A68B45-6673-4214-B2A7-0D04F436F3C1}.Debug|Any CPU.ActiveCfg = Debug|Any CPU
		{66A68B45-6673-4214-B2A7-0D04F436F3C1}.Debug|Any CPU.Build.0 = Debug|Any CPU
		{66A68B45-6673-4214-B2A7-0D04F436F3C1}.Release|Any CPU.ActiveCfg = Release|Any CPU
		{66A68B45-6673-4214-B2A7-0D04F436F3C1}.Release|Any CPU.Build.0 = Release|Any CPU
		{71F77A8E-4FDF-43D2-A6C9-5B3B446DB7FD}.Debug|Any CPU.ActiveCfg = Debug|Any CPU
		{71F77A8E-4FDF-43D2-A6C9-5B3B446DB7FD}.Debug|Any CPU.Build.0 = Debug|Any CPU
		{71F77A8E-4FDF-43D2-A6C9-5B3B446DB7FD}.Release|Any CPU.ActiveCfg = Release|Any CPU
		{71F77A8E-4FDF-43D2-A6C9-5B3B446DB7FD}.Release|Any CPU.Build.0 = Release|Any CPU
		{358BD49A-3E6A-4D13-9DCA-5DA40E4E078A}.Debug|Any CPU.ActiveCfg = Debug|Any CPU
		{358BD49A-3E6A-4D13-9DCA-5DA40E4E078A}.Debug|Any CPU.Build.0 = Debug|Any CPU
		{358BD49A-3E6A-4D13-9DCA-5DA40E4E078A}.Release|Any CPU.ActiveCfg = Release|Any CPU
		{358BD49A-3E6A-4D13-9DCA-5DA40E4E078A}.Release|Any CPU.Build.0 = Release|Any CPU
		{23B706D5-E14C-4742-9B55-F53ED203A471}.Debug|Any CPU.ActiveCfg = Debug|Any CPU
		{23B706D5-E14C-4742-9B55-F53ED203A471}.Debug|Any CPU.Build.0 = Debug|Any CPU
		{23B706D5-E14C-4742-9B55-F53ED203A471}.Release|Any CPU.ActiveCfg = Release|Any CPU
		{23B706D5-E14C-4742-9B55-F53ED203A471}.Release|Any CPU.Build.0 = Release|Any CPU
		{78FFFF3A-FDCA-4012-B502-8E79B510ECBE}.Debug|Any CPU.ActiveCfg = Debug|Any CPU
		{78FFFF3A-FDCA-4012-B502-8E79B510ECBE}.Debug|Any CPU.Build.0 = Debug|Any CPU
		{78FFFF3A-FDCA-4012-B502-8E79B510ECBE}.Release|Any CPU.ActiveCfg = Release|Any CPU
		{78FFFF3A-FDCA-4012-B502-8E79B510ECBE}.Release|Any CPU.Build.0 = Release|Any CPU
		{D2B50B57-28CF-49FD-B565-6CA9358E9989}.Debug|Any CPU.ActiveCfg = Debug|Any CPU
		{D2B50B57-28CF-49FD-B565-6CA9358E9989}.Debug|Any CPU.Build.0 = Debug|Any CPU
		{D2B50B57-28CF-49FD-B565-6CA9358E9989}.Release|Any CPU.ActiveCfg = Release|Any CPU
		{D2B50B57-28CF-49FD-B565-6CA9358E9989}.Release|Any CPU.Build.0 = Release|Any CPU
		{A64249D8-702A-4ADE-A121-91CA3AC5AF5F}.Debug|Any CPU.ActiveCfg = Debug|Any CPU
		{A64249D8-702A-4ADE-A121-91CA3AC5AF5F}.Debug|Any CPU.Build.0 = Debug|Any CPU
		{A64249D8-702A-4ADE-A121-91CA3AC5AF5F}.Release|Any CPU.ActiveCfg = Release|Any CPU
		{A64249D8-702A-4ADE-A121-91CA3AC5AF5F}.Release|Any CPU.Build.0 = Release|Any CPU
		{8003EB1D-CB7F-40DD-9321-556B1A25E0D2}.Debug|Any CPU.ActiveCfg = Debug|Any CPU
		{8003EB1D-CB7F-40DD-9321-556B1A25E0D2}.Debug|Any CPU.Build.0 = Debug|Any CPU
		{8003EB1D-CB7F-40DD-9321-556B1A25E0D2}.Release|Any CPU.ActiveCfg = Release|Any CPU
		{8003EB1D-CB7F-40DD-9321-556B1A25E0D2}.Release|Any CPU.Build.0 = Release|Any CPU
		{23E64F80-47EF-4FAB-AED9-1DE070D85621}.Debug|Any CPU.ActiveCfg = Debug|Any CPU
		{23E64F80-47EF-4FAB-AED9-1DE070D85621}.Debug|Any CPU.Build.0 = Debug|Any CPU
		{23E64F80-47EF-4FAB-AED9-1DE070D85621}.Release|Any CPU.ActiveCfg = Release|Any CPU
		{23E64F80-47EF-4FAB-AED9-1DE070D85621}.Release|Any CPU.Build.0 = Release|Any CPU
		{4A1962CC-38DE-42F7-815A-946646735206}.Debug|Any CPU.ActiveCfg = Debug|Any CPU
		{4A1962CC-38DE-42F7-815A-946646735206}.Debug|Any CPU.Build.0 = Debug|Any CPU
		{4A1962CC-38DE-42F7-815A-946646735206}.Release|Any CPU.ActiveCfg = Release|Any CPU
		{4A1962CC-38DE-42F7-815A-946646735206}.Release|Any CPU.Build.0 = Release|Any CPU
		{CD4D7A62-BD3D-4001-B0AA-AE0ED0FCE6F9}.Debug|Any CPU.ActiveCfg = Debug|Any CPU
		{CD4D7A62-BD3D-4001-B0AA-AE0ED0FCE6F9}.Debug|Any CPU.Build.0 = Debug|Any CPU
		{CD4D7A62-BD3D-4001-B0AA-AE0ED0FCE6F9}.Release|Any CPU.ActiveCfg = Release|Any CPU
		{CD4D7A62-BD3D-4001-B0AA-AE0ED0FCE6F9}.Release|Any CPU.Build.0 = Release|Any CPU
		{CA5BA644-8585-407A-966A-C8D7032B2F4E}.Debug|Any CPU.ActiveCfg = Debug|Any CPU
		{CA5BA644-8585-407A-966A-C8D7032B2F4E}.Debug|Any CPU.Build.0 = Debug|Any CPU
		{CA5BA644-8585-407A-966A-C8D7032B2F4E}.Release|Any CPU.ActiveCfg = Release|Any CPU
		{CA5BA644-8585-407A-966A-C8D7032B2F4E}.Release|Any CPU.Build.0 = Release|Any CPU
		{F7A9F10C-20A0-4C12-B1A1-A094814BC1E4}.Debug|Any CPU.ActiveCfg = Debug|Any CPU
		{F7A9F10C-20A0-4C12-B1A1-A094814BC1E4}.Debug|Any CPU.Build.0 = Debug|Any CPU
		{F7A9F10C-20A0-4C12-B1A1-A094814BC1E4}.Release|Any CPU.ActiveCfg = Release|Any CPU
		{F7A9F10C-20A0-4C12-B1A1-A094814BC1E4}.Release|Any CPU.Build.0 = Release|Any CPU
		{1F4E8C21-7DFC-4077-967B-60B4188A9523}.Debug|Any CPU.ActiveCfg = Debug|Any CPU
		{1F4E8C21-7DFC-4077-967B-60B4188A9523}.Debug|Any CPU.Build.0 = Debug|Any CPU
		{1F4E8C21-7DFC-4077-967B-60B4188A9523}.Release|Any CPU.ActiveCfg = Release|Any CPU
		{1F4E8C21-7DFC-4077-967B-60B4188A9523}.Release|Any CPU.Build.0 = Release|Any CPU
		{DD440C13-A018-4212-A162-2601872F2293}.Debug|Any CPU.ActiveCfg = Debug|Any CPU
		{DD440C13-A018-4212-A162-2601872F2293}.Debug|Any CPU.Build.0 = Debug|Any CPU
		{DD440C13-A018-4212-A162-2601872F2293}.Release|Any CPU.ActiveCfg = Release|Any CPU
		{DD440C13-A018-4212-A162-2601872F2293}.Release|Any CPU.Build.0 = Release|Any CPU
		{45DD0E9B-150F-41B0-9534-1E7DEFE4DC02}.Debug|Any CPU.ActiveCfg = Debug|Any CPU
		{45DD0E9B-150F-41B0-9534-1E7DEFE4DC02}.Debug|Any CPU.Build.0 = Debug|Any CPU
		{45DD0E9B-150F-41B0-9534-1E7DEFE4DC02}.Release|Any CPU.ActiveCfg = Release|Any CPU
		{45DD0E9B-150F-41B0-9534-1E7DEFE4DC02}.Release|Any CPU.Build.0 = Release|Any CPU
		{6925BE61-D34E-4176-AD11-CC1FB7E2F9AB}.Debug|Any CPU.ActiveCfg = Debug|Any CPU
		{6925BE61-D34E-4176-AD11-CC1FB7E2F9AB}.Debug|Any CPU.Build.0 = Debug|Any CPU
		{6925BE61-D34E-4176-AD11-CC1FB7E2F9AB}.Release|Any CPU.ActiveCfg = Release|Any CPU
		{6925BE61-D34E-4176-AD11-CC1FB7E2F9AB}.Release|Any CPU.Build.0 = Release|Any CPU
		{A26934C8-6B4C-4E15-8341-1B4F2B117B93}.Debug|Any CPU.ActiveCfg = Debug|Any CPU
		{A26934C8-6B4C-4E15-8341-1B4F2B117B93}.Debug|Any CPU.Build.0 = Debug|Any CPU
		{A26934C8-6B4C-4E15-8341-1B4F2B117B93}.Release|Any CPU.ActiveCfg = Release|Any CPU
		{A26934C8-6B4C-4E15-8341-1B4F2B117B93}.Release|Any CPU.Build.0 = Release|Any CPU
		{6274B85F-DA25-4682-B5C6-EAF8AD2A7EF5}.Debug|Any CPU.ActiveCfg = Debug|Any CPU
		{6274B85F-DA25-4682-B5C6-EAF8AD2A7EF5}.Debug|Any CPU.Build.0 = Debug|Any CPU
		{6274B85F-DA25-4682-B5C6-EAF8AD2A7EF5}.Release|Any CPU.ActiveCfg = Release|Any CPU
		{6274B85F-DA25-4682-B5C6-EAF8AD2A7EF5}.Release|Any CPU.Build.0 = Release|Any CPU
		{4FE097A8-ACB0-4BD5-A9B1-59094D347813}.Debug|Any CPU.ActiveCfg = Debug|Any CPU
		{4FE097A8-ACB0-4BD5-A9B1-59094D347813}.Debug|Any CPU.Build.0 = Debug|Any CPU
		{4FE097A8-ACB0-4BD5-A9B1-59094D347813}.Release|Any CPU.ActiveCfg = Release|Any CPU
		{4FE097A8-ACB0-4BD5-A9B1-59094D347813}.Release|Any CPU.Build.0 = Release|Any CPU
		{18D76157-FC69-4DB0-BF04-70383F1E7FA4}.Debug|Any CPU.ActiveCfg = Debug|Any CPU
		{18D76157-FC69-4DB0-BF04-70383F1E7FA4}.Debug|Any CPU.Build.0 = Debug|Any CPU
		{18D76157-FC69-4DB0-BF04-70383F1E7FA4}.Release|Any CPU.ActiveCfg = Release|Any CPU
		{18D76157-FC69-4DB0-BF04-70383F1E7FA4}.Release|Any CPU.Build.0 = Release|Any CPU
		{FB6AA37C-22E5-4DB7-8993-B641865DB710}.Debug|Any CPU.ActiveCfg = Debug|Any CPU
		{FB6AA37C-22E5-4DB7-8993-B641865DB710}.Debug|Any CPU.Build.0 = Debug|Any CPU
		{FB6AA37C-22E5-4DB7-8993-B641865DB710}.Release|Any CPU.ActiveCfg = Release|Any CPU
		{FB6AA37C-22E5-4DB7-8993-B641865DB710}.Release|Any CPU.Build.0 = Release|Any CPU
		{B9F99D96-B073-4897-95F8-C22DC1AB3D34}.Debug|Any CPU.ActiveCfg = Debug|Any CPU
		{B9F99D96-B073-4897-95F8-C22DC1AB3D34}.Debug|Any CPU.Build.0 = Debug|Any CPU
		{B9F99D96-B073-4897-95F8-C22DC1AB3D34}.Release|Any CPU.ActiveCfg = Release|Any CPU
		{B9F99D96-B073-4897-95F8-C22DC1AB3D34}.Release|Any CPU.Build.0 = Release|Any CPU
		{B0E53712-FFA5-4BE7-8B3F-F32289035BF0}.Debug|Any CPU.ActiveCfg = Debug|Any CPU
		{B0E53712-FFA5-4BE7-8B3F-F32289035BF0}.Debug|Any CPU.Build.0 = Debug|Any CPU
		{B0E53712-FFA5-4BE7-8B3F-F32289035BF0}.Release|Any CPU.ActiveCfg = Release|Any CPU
		{B0E53712-FFA5-4BE7-8B3F-F32289035BF0}.Release|Any CPU.Build.0 = Release|Any CPU
		{34CF4841-2411-4357-BA4E-8D669C8EC1ED}.Debug|Any CPU.ActiveCfg = Debug|Any CPU
		{34CF4841-2411-4357-BA4E-8D669C8EC1ED}.Debug|Any CPU.Build.0 = Debug|Any CPU
		{34CF4841-2411-4357-BA4E-8D669C8EC1ED}.Release|Any CPU.ActiveCfg = Release|Any CPU
		{34CF4841-2411-4357-BA4E-8D669C8EC1ED}.Release|Any CPU.Build.0 = Release|Any CPU
		{04F9EC17-6140-47A9-A48A-C7D048E13BC5}.Debug|Any CPU.ActiveCfg = Debug|Any CPU
		{04F9EC17-6140-47A9-A48A-C7D048E13BC5}.Debug|Any CPU.Build.0 = Debug|Any CPU
		{04F9EC17-6140-47A9-A48A-C7D048E13BC5}.Release|Any CPU.ActiveCfg = Release|Any CPU
		{04F9EC17-6140-47A9-A48A-C7D048E13BC5}.Release|Any CPU.Build.0 = Release|Any CPU
		{3F34AA2B-DFF1-4810-B846-D5D8A566F9DC}.Debug|Any CPU.ActiveCfg = Debug|Any CPU
		{3F34AA2B-DFF1-4810-B846-D5D8A566F9DC}.Debug|Any CPU.Build.0 = Debug|Any CPU
		{3F34AA2B-DFF1-4810-B846-D5D8A566F9DC}.Release|Any CPU.ActiveCfg = Release|Any CPU
		{3F34AA2B-DFF1-4810-B846-D5D8A566F9DC}.Release|Any CPU.Build.0 = Release|Any CPU
		{485700D7-AF50-4E73-9D3A-ED8BCB2C4A66}.Debug|Any CPU.ActiveCfg = Debug|Any CPU
		{485700D7-AF50-4E73-9D3A-ED8BCB2C4A66}.Debug|Any CPU.Build.0 = Debug|Any CPU
		{485700D7-AF50-4E73-9D3A-ED8BCB2C4A66}.Release|Any CPU.ActiveCfg = Release|Any CPU
		{485700D7-AF50-4E73-9D3A-ED8BCB2C4A66}.Release|Any CPU.Build.0 = Release|Any CPU
		{1593A290-753D-471B-B9D9-160F680E8848}.Debug|Any CPU.ActiveCfg = Debug|Any CPU
		{1593A290-753D-471B-B9D9-160F680E8848}.Debug|Any CPU.Build.0 = Debug|Any CPU
		{1593A290-753D-471B-B9D9-160F680E8848}.Release|Any CPU.ActiveCfg = Release|Any CPU
		{1593A290-753D-471B-B9D9-160F680E8848}.Release|Any CPU.Build.0 = Release|Any CPU
		{0CFAC796-94F6-4F53-845A-F21AD0F0C119}.Debug|Any CPU.ActiveCfg = Debug|Any CPU
		{0CFAC796-94F6-4F53-845A-F21AD0F0C119}.Debug|Any CPU.Build.0 = Debug|Any CPU
		{0CFAC796-94F6-4F53-845A-F21AD0F0C119}.Release|Any CPU.ActiveCfg = Release|Any CPU
		{0CFAC796-94F6-4F53-845A-F21AD0F0C119}.Release|Any CPU.Build.0 = Release|Any CPU
		{08CB5186-D05F-473E-9724-39FE7D5F27DC}.Debug|Any CPU.ActiveCfg = Debug|Any CPU
		{08CB5186-D05F-473E-9724-39FE7D5F27DC}.Debug|Any CPU.Build.0 = Debug|Any CPU
		{08CB5186-D05F-473E-9724-39FE7D5F27DC}.Release|Any CPU.ActiveCfg = Release|Any CPU
		{08CB5186-D05F-473E-9724-39FE7D5F27DC}.Release|Any CPU.Build.0 = Release|Any CPU
		{118ABC7B-298C-44FD-9CB3-0671D403197F}.Debug|Any CPU.ActiveCfg = Debug|Any CPU
		{118ABC7B-298C-44FD-9CB3-0671D403197F}.Debug|Any CPU.Build.0 = Debug|Any CPU
		{118ABC7B-298C-44FD-9CB3-0671D403197F}.Release|Any CPU.ActiveCfg = Release|Any CPU
		{118ABC7B-298C-44FD-9CB3-0671D403197F}.Release|Any CPU.Build.0 = Release|Any CPU
		{A54911EB-CE69-493E-BF60-F13AFCF53DCA}.Debug|Any CPU.ActiveCfg = Debug|Any CPU
		{A54911EB-CE69-493E-BF60-F13AFCF53DCA}.Debug|Any CPU.Build.0 = Debug|Any CPU
		{A54911EB-CE69-493E-BF60-F13AFCF53DCA}.Release|Any CPU.ActiveCfg = Release|Any CPU
		{A54911EB-CE69-493E-BF60-F13AFCF53DCA}.Release|Any CPU.Build.0 = Release|Any CPU
		{6B76148D-8905-4CBA-BDF9-D4F21AB4C273}.Debug|Any CPU.ActiveCfg = Debug|Any CPU
		{6B76148D-8905-4CBA-BDF9-D4F21AB4C273}.Debug|Any CPU.Build.0 = Debug|Any CPU
		{6B76148D-8905-4CBA-BDF9-D4F21AB4C273}.Release|Any CPU.ActiveCfg = Release|Any CPU
		{6B76148D-8905-4CBA-BDF9-D4F21AB4C273}.Release|Any CPU.Build.0 = Release|Any CPU
		{A8C55797-6D5A-41DD-A507-A607304D1517}.Debug|Any CPU.ActiveCfg = Debug|Any CPU
		{A8C55797-6D5A-41DD-A507-A607304D1517}.Debug|Any CPU.Build.0 = Debug|Any CPU
		{A8C55797-6D5A-41DD-A507-A607304D1517}.Release|Any CPU.ActiveCfg = Release|Any CPU
		{A8C55797-6D5A-41DD-A507-A607304D1517}.Release|Any CPU.Build.0 = Release|Any CPU
	EndGlobalSection
	GlobalSection(SolutionProperties) = preSolution
		HideSolutionNode = FALSE
	EndGlobalSection
	GlobalSection(NestedProjects) = preSolution
		{32152744-A0BA-4F04-AE87-84A2695399D8} = {1361609B-5187-4F15-AD1C-C5737CA09013}
		{F0FA338A-4403-40A0-9E6D-F7BD3E026D13} = {1361609B-5187-4F15-AD1C-C5737CA09013}
		{F845DF6A-BAD3-4777-BE20-4D4951C011E6} = {1361609B-5187-4F15-AD1C-C5737CA09013}
		{76C0D798-69A6-4FC2-9B4A-F79B8EBD3C9D} = {1361609B-5187-4F15-AD1C-C5737CA09013}
		{6B2F1153-11C5-44E8-B474-559B3E8FAFE2} = {1361609B-5187-4F15-AD1C-C5737CA09013}
		{93025E3E-59CD-438C-B7E0-0A1B1AB078E2} = {1361609B-5187-4F15-AD1C-C5737CA09013}
		{E110E525-C7CE-4471-97FA-AF45CCE6A1DB} = {1361609B-5187-4F15-AD1C-C5737CA09013}
		{98474632-7078-4BDC-B674-86A2BACC805E} = {1361609B-5187-4F15-AD1C-C5737CA09013}
		{D695E260-8996-45FE-99BC-82A9A5F50B3E} = {1361609B-5187-4F15-AD1C-C5737CA09013}
		{7BC0A806-C64D-42A4-9EAB-BAC7350D0DE9} = {1361609B-5187-4F15-AD1C-C5737CA09013}
		{66A68B45-6673-4214-B2A7-0D04F436F3C1} = {1361609B-5187-4F15-AD1C-C5737CA09013}
		{2A2F91B7-96C7-423E-9058-CB206380B8D4} = {1361609B-5187-4F15-AD1C-C5737CA09013}
		{71F77A8E-4FDF-43D2-A6C9-5B3B446DB7FD} = {1361609B-5187-4F15-AD1C-C5737CA09013}
		{358BD49A-3E6A-4D13-9DCA-5DA40E4E078A} = {2A2F91B7-96C7-423E-9058-CB206380B8D4}
		{23B706D5-E14C-4742-9B55-F53ED203A471} = {2A2F91B7-96C7-423E-9058-CB206380B8D4}
		{78FFFF3A-FDCA-4012-B502-8E79B510ECBE} = {2A2F91B7-96C7-423E-9058-CB206380B8D4}
		{D2B50B57-28CF-49FD-B565-6CA9358E9989} = {1361609B-5187-4F15-AD1C-C5737CA09013}
		{A64249D8-702A-4ADE-A121-91CA3AC5AF5F} = {E2B1BD42-552E-47E6-83C7-ECFDC9BD5939}
		{8003EB1D-CB7F-40DD-9321-556B1A25E0D2} = {E2B1BD42-552E-47E6-83C7-ECFDC9BD5939}
		{23E64F80-47EF-4FAB-AED9-1DE070D85621} = {E2B1BD42-552E-47E6-83C7-ECFDC9BD5939}
		{4A1962CC-38DE-42F7-815A-946646735206} = {E2B1BD42-552E-47E6-83C7-ECFDC9BD5939}
		{CD4D7A62-BD3D-4001-B0AA-AE0ED0FCE6F9} = {E2B1BD42-552E-47E6-83C7-ECFDC9BD5939}
		{CA5BA644-8585-407A-966A-C8D7032B2F4E} = {DE326FD4-42A4-4BA1-8BAF-ECB460F4FA31}
		{F7A9F10C-20A0-4C12-B1A1-A094814BC1E4} = {DE326FD4-42A4-4BA1-8BAF-ECB460F4FA31}
		{1F4E8C21-7DFC-4077-967B-60B4188A9523} = {05AD559B-6C92-496E-A2B0-135652CB1CC3}
		{DD440C13-A018-4212-A162-2601872F2293} = {05AD559B-6C92-496E-A2B0-135652CB1CC3}
		{45DD0E9B-150F-41B0-9534-1E7DEFE4DC02} = {05AD559B-6C92-496E-A2B0-135652CB1CC3}
		{B6AB1F21-C227-44A9-AECB-649EEF2DA4E1} = {51B58BBF-DDBC-4025-ACFA-FB4FC55C8A7A}
		{6925BE61-D34E-4176-AD11-CC1FB7E2F9AB} = {B6AB1F21-C227-44A9-AECB-649EEF2DA4E1}
		{A26934C8-6B4C-4E15-8341-1B4F2B117B93} = {B6AB1F21-C227-44A9-AECB-649EEF2DA4E1}
		{6274B85F-DA25-4682-B5C6-EAF8AD2A7EF5} = {B6AB1F21-C227-44A9-AECB-649EEF2DA4E1}
		{4FE097A8-ACB0-4BD5-A9B1-59094D347813} = {B6AB1F21-C227-44A9-AECB-649EEF2DA4E1}
		{A5E2DF1C-75F1-4B10-BC80-FB73051979DC} = {51B58BBF-DDBC-4025-ACFA-FB4FC55C8A7A}
		{18D76157-FC69-4DB0-BF04-70383F1E7FA4} = {A5E2DF1C-75F1-4B10-BC80-FB73051979DC}
		{FB6AA37C-22E5-4DB7-8993-B641865DB710} = {A5E2DF1C-75F1-4B10-BC80-FB73051979DC}
		{975C1D76-B852-41DA-BFB6-85D7FA12007D} = {51B58BBF-DDBC-4025-ACFA-FB4FC55C8A7A}
		{B9F99D96-B073-4897-95F8-C22DC1AB3D34} = {975C1D76-B852-41DA-BFB6-85D7FA12007D}
		{B0E53712-FFA5-4BE7-8B3F-F32289035BF0} = {975C1D76-B852-41DA-BFB6-85D7FA12007D}
		{34CF4841-2411-4357-BA4E-8D669C8EC1ED} = {975C1D76-B852-41DA-BFB6-85D7FA12007D}
		{04F9EC17-6140-47A9-A48A-C7D048E13BC5} = {975C1D76-B852-41DA-BFB6-85D7FA12007D}
		{3F34AA2B-DFF1-4810-B846-D5D8A566F9DC} = {975C1D76-B852-41DA-BFB6-85D7FA12007D}
		{485700D7-AF50-4E73-9D3A-ED8BCB2C4A66} = {975C1D76-B852-41DA-BFB6-85D7FA12007D}
		{1593A290-753D-471B-B9D9-160F680E8848} = {975C1D76-B852-41DA-BFB6-85D7FA12007D}
		{0CFAC796-94F6-4F53-845A-F21AD0F0C119} = {0F6136AC-5659-431D-94A4-56677CCC62F4}
		{08CB5186-D05F-473E-9724-39FE7D5F27DC} = {0F6136AC-5659-431D-94A4-56677CCC62F4}
		{118ABC7B-298C-44FD-9CB3-0671D403197F} = {0F6136AC-5659-431D-94A4-56677CCC62F4}
		{A54911EB-CE69-493E-BF60-F13AFCF53DCA} = {0F6136AC-5659-431D-94A4-56677CCC62F4}
		{6B76148D-8905-4CBA-BDF9-D4F21AB4C273} = {0F6136AC-5659-431D-94A4-56677CCC62F4}
		{A8C55797-6D5A-41DD-A507-A607304D1517} = {0F6136AC-5659-431D-94A4-56677CCC62F4}
	EndGlobalSection
	GlobalSection(ExtensibilityGlobals) = postSolution
		SolutionGuid = {366F6785-1605-47EC-80C7-072BBBB277DD}
	EndGlobalSection
EndGlobal
